
Microsoft Visual Studio Solution File, Format Version 12.00
# Visual Studio Version 16
VisualStudioVersion = 16.0.30503.244
MinimumVisualStudioVersion = 10.0.40219.1
Project("{FAE04EC0-301F-11D3-BF4B-00C04F79EFBC}") = "Cinema", "Cinema\Cinema.csproj", "{6CEDBB38-5FBC-49EF-841F-C4D889746D8F}"
EndProject
Project("{FAE04EC0-301F-11D3-BF4B-00C04F79EFBC}") = "ApplicationLayer", "ApplicationLayer\ApplicationLayer.csproj", "{45865B02-FBA5-4947-9392-50ACBD6012A4}"
EndProject
Project("{FAE04EC0-301F-11D3-BF4B-00C04F79EFBC}") = "DatabaseLayer", "DatabaseLayer\DatabaseLayer.csproj", "{223D44E3-73CB-4EBE-B555-F9C41BC98879}"
EndProject
Project("{FAE04EC0-301F-11D3-BF4B-00C04F79EFBC}") = "CinemaAdmin", "CinemaAdmin\CinemaAdmin.csproj", "{0AD11735-2687-49CB-840E-98DD56475CD6}"
EndProject
Global
	GlobalSection(SolutionConfigurationPlatforms) = preSolution
		Debug|Any CPU = Debug|Any CPU
		Release|Any CPU = Release|Any CPU
	EndGlobalSection
	GlobalSection(ProjectConfigurationPlatforms) = postSolution
		{6CEDBB38-5FBC-49EF-841F-C4D889746D8F}.Debug|Any CPU.ActiveCfg = Debug|Any CPU
		{6CEDBB38-5FBC-49EF-841F-C4D889746D8F}.Debug|Any CPU.Build.0 = Debug|Any CPU
		{6CEDBB38-5FBC-49EF-841F-C4D889746D8F}.Release|Any CPU.ActiveCfg = Release|Any CPU
		{6CEDBB38-5FBC-49EF-841F-C4D889746D8F}.Release|Any CPU.Build.0 = Release|Any CPU
		{45865B02-FBA5-4947-9392-50ACBD6012A4}.Debug|Any CPU.ActiveCfg = Debug|Any CPU
		{45865B02-FBA5-4947-9392-50ACBD6012A4}.Debug|Any CPU.Build.0 = Debug|Any CPU
		{45865B02-FBA5-4947-9392-50ACBD6012A4}.Release|Any CPU.ActiveCfg = Release|Any CPU
		{45865B02-FBA5-4947-9392-50ACBD6012A4}.Release|Any CPU.Build.0 = Release|Any CPU
		{223D44E3-73CB-4EBE-B555-F9C41BC98879}.Debug|Any CPU.ActiveCfg = Debug|Any CPU
		{223D44E3-73CB-4EBE-B555-F9C41BC98879}.Debug|Any CPU.Build.0 = Debug|Any CPU
		{223D44E3-73CB-4EBE-B555-F9C41BC98879}.Release|Any CPU.ActiveCfg = Release|Any CPU
		{223D44E3-73CB-4EBE-B555-F9C41BC98879}.Release|Any CPU.Build.0 = Release|Any CPU
		{0AD11735-2687-49CB-840E-98DD56475CD6}.Debug|Any CPU.ActiveCfg = Debug|Any CPU
		{0AD11735-2687-49CB-840E-98DD56475CD6}.Debug|Any CPU.Build.0 = Debug|Any CPU
		{0AD11735-2687-49CB-840E-98DD56475CD6}.Release|Any CPU.ActiveCfg = Release|Any CPU
		{0AD11735-2687-49CB-840E-98DD56475CD6}.Release|Any CPU.Build.0 = Release|Any CPU
	EndGlobalSection
	GlobalSection(SolutionProperties) = preSolution
		HideSolutionNode = FALSE
	EndGlobalSection
	GlobalSection(ExtensibilityGlobals) = postSolution
		SolutionGuid = {DC270F57-26CE-4CCC-B149-C94F3B439993}
	EndGlobalSection
EndGlobal
